
Microsoft Visual Studio Solution File, Format Version 12.00
# Visual Studio Version 17
VisualStudioVersion = 17.1.32319.34
MinimumVisualStudioVersion = 10.0.40219.1
Project("{FAE04EC0-301F-11D3-BF4B-00C04F79EFBC}") = "Person opgave", "Person opgave\Person opgave.csproj", "{90E2AA60-40DD-4902-A714-EBDC6A668128}"
EndProject
Global
	GlobalSection(SolutionConfigurationPlatforms) = preSolution
		Debug|Any CPU = Debug|Any CPU
		Release|Any CPU = Release|Any CPU
	EndGlobalSection
	GlobalSection(ProjectConfigurationPlatforms) = postSolution
		{90E2AA60-40DD-4902-A714-EBDC6A668128}.Debug|Any CPU.ActiveCfg = Debug|Any CPU
		{90E2AA60-40DD-4902-A714-EBDC6A668128}.Debug|Any CPU.Build.0 = Debug|Any CPU
		{90E2AA60-40DD-4902-A714-EBDC6A668128}.Release|Any CPU.ActiveCfg = Release|Any CPU
		{90E2AA60-40DD-4902-A714-EBDC6A668128}.Release|Any CPU.Build.0 = Release|Any CPU
	EndGlobalSection
	GlobalSection(SolutionProperties) = preSolution
		HideSolutionNode = FALSE
	EndGlobalSection
	GlobalSection(ExtensibilityGlobals) = postSolution
		SolutionGuid = {4CEF0514-9219-4F63-9AC8-3A9053B75756}
	EndGlobalSection
EndGlobal
